<?xml version="1.0" encoding="utf-8"?>
<Project ToolsVersion="4.0" xmlns="http://schemas.microsoft.com/developer/msbuild/2003">
  <ItemGroup>
    <Filter Include="소스 파일">
      <UniqueIdentifier>{4FC737F1-C7A5-4376-A066-2A32D752A2FF}</UniqueIdentifier>
      <Extensions>cpp;c;cc;cxx;c++;cppm;ixx;def;odl;idl;hpj;bat;asm;asmx</Extensions>
    </Filter>
    <Filter Include="헤더 파일">
      <UniqueIdentifier>{93995380-89BD-4b04-88EB-625FBE52EBFB}</UniqueIdentifier>
      <Extensions>h;hh;hpp;hxx;h++;hm;inl;inc;ipp;xsd</Extensions>
    </Filter>
    <Filter Include="리소스 파일">
      <UniqueIdentifier>{67DA6AB6-F800-4c08-8B7A-83BB121AAD01}</UniqueIdentifier>
      <Extensions>rc;ico;cur;bmp;dlg;rc2;rct;bin;rgs;gif;jpg;jpeg;jpe;resx;tiff;tif;png;wav;mfcribbon-ms</Extensions>
    </Filter>
    <Filter Include="소스 파일\Day1">
      <UniqueIdentifier>{b3a4b701-77db-4240-a845-a6931c43d961}</UniqueIdentifier>
    </Filter>
    <Filter Include="소스 파일\Day2">
      <UniqueIdentifier>{923cb9b1-eadc-4596-813d-4f4664d68bd3}</UniqueIdentifier>
    </Filter>
    <Filter Include="소스 파일\Day3">
      <UniqueIdentifier>{33be07be-7c1e-4250-95ef-29f352d3290b}</UniqueIdentifier>
    </Filter>
    <Filter Include="소스 파일\Day4">
      <UniqueIdentifier>{a30f3d88-4307-4dcd-9301-dbc91ceb4c06}</UniqueIdentifier>
    </Filter>
    <Filter Include="헤더 파일\Day4Header">
      <UniqueIdentifier>{f9078181-fc13-4dd2-a199-5142015d8b4c}</UniqueIdentifier>
    </Filter>
    <Filter Include="소스 파일\Day5">
      <UniqueIdentifier>{12abb97d-006b-484f-924e-ee3d95fc7889}</UniqueIdentifier>
    </Filter>
    <Filter Include="헤더 파일\Day5Header">
      <UniqueIdentifier>{7dffbd0e-0633-446c-b47b-72e594abd764}</UniqueIdentifier>
    </Filter>
    <Filter Include="소스 파일\Day6">
      <UniqueIdentifier>{19c7ea1b-0802-4dc6-a94c-8f0972fe58fd}</UniqueIdentifier>
    </Filter>
    <Filter Include="소스 파일\OOP">
      <UniqueIdentifier>{bc9ca720-feaf-440d-bacf-95d158207ee3}</UniqueIdentifier>
    </Filter>
    <Filter Include="소스 파일\Day7">
      <UniqueIdentifier>{3e7b3bb5-4311-458f-b68e-8429c1564553}</UniqueIdentifier>
    </Filter>
    <Filter Include="소스 파일\Day8">
      <UniqueIdentifier>{357cb3c0-ac9a-445a-9ba5-33d24b1a1ed5}</UniqueIdentifier>
    </Filter>
    <Filter Include="소스 파일\Day9">
      <UniqueIdentifier>{b3a37bc4-a436-407b-9f66-be820983e90c}</UniqueIdentifier>
    </Filter>
    <Filter Include="소스 파일\Day10">
      <UniqueIdentifier>{b2cb65dc-ae0d-45c5-8a6b-63800670edcb}</UniqueIdentifier>
    </Filter>
    <Filter Include="소스 파일\Day11">
      <UniqueIdentifier>{985f6dfe-eeef-4533-9396-3e483ebf3fc2}</UniqueIdentifier>
    </Filter>
    <Filter Include="소스 파일\OOP\OOP_Ver_7">
      <UniqueIdentifier>{0065f10a-5c10-440c-9623-108b245f1d4f}</UniqueIdentifier>
    </Filter>
    <Filter Include="헤더 파일\OOP_Ver_7_Header">
      <UniqueIdentifier>{d9a40760-6f3b-4ad3-a200-7ede63da3388}</UniqueIdentifier>
    </Filter>
    <Filter Include="소스 파일\OOP\OOP_Ver_8">
      <UniqueIdentifier>{3b8bed6f-3b26-418e-8436-5edbfa014f38}</UniqueIdentifier>
    </Filter>
    <Filter Include="헤더 파일\OOP_Ver_8_Header">
      <UniqueIdentifier>{7514ac7c-1ccb-4460-a264-9a9a7efe53c4}</UniqueIdentifier>
    </Filter>
    <Filter Include="소스 파일\OOP\OOP_Ver_9">
      <UniqueIdentifier>{aaa3d365-15dd-4260-9305-ff34365229ff}</UniqueIdentifier>
    </Filter>
    <Filter Include="헤더 파일\OOP_Ver_9_Header">
      <UniqueIdentifier>{a89d6b0a-9f6b-4946-ba89-29a4bb4b6fac}</UniqueIdentifier>
    </Filter>
    <Filter Include="소스 파일\OOP\OOP_Ver_10">
      <UniqueIdentifier>{8062ac32-63e5-404a-a88f-d58b95ae1836}</UniqueIdentifier>
    </Filter>
    <Filter Include="헤더 파일\OOP_Ver_10_Header">
      <UniqueIdentifier>{9bbca1d9-70df-4f3e-ab01-8874a98247c7}</UniqueIdentifier>
    </Filter>
  </ItemGroup>
  <ItemGroup>
    <ClCompile Include="BetweenAdder.cpp">
      <Filter>소스 파일\Day1</Filter>
    </ClCompile>
    <ClCompile Include="DefaultVallue2.cpp">
      <Filter>소스 파일\Day2</Filter>
    </ClCompile>
    <ClCompile Include="DefaultVallue3.cpp">
      <Filter>소스 파일\Day2</Filter>
    </ClCompile>
    <ClCompile Include="InlineFunc.cpp">
      <Filter>소스 파일\Day2</Filter>
    </ClCompile>
    <ClCompile Include="NameAlias.cpp">
      <Filter>소스 파일\Day2</Filter>
    </ClCompile>
    <ClCompile Include="NameSp1.cpp">
      <Filter>소스 파일\Day2</Filter>
    </ClCompile>
    <ClCompile Include="NameSp2.cpp">
      <Filter>소스 파일\Day2</Filter>
    </ClCompile>
    <ClCompile Include="NameSp3.cpp">
      <Filter>소스 파일\Day2</Filter>
    </ClCompile>
    <ClCompile Include="Q1-2.cpp">
      <Filter>소스 파일\Day2</Filter>
    </ClCompile>
    <ClCompile Include="UsingDcl1.cpp">
      <Filter>소스 파일\Day2</Filter>
    </ClCompile>
    <ClCompile Include="UsingDcl2.cpp">
      <Filter>소스 파일\Day2</Filter>
    </ClCompile>
    <ClCompile Include="DefaultVallue1.cpp">
      <Filter>소스 파일\Day2</Filter>
    </ClCompile>
    <ClCompile Include="Q2-1.cpp">
      <Filter>소스 파일\Day3</Filter>
    </ClCompile>
    <ClCompile Include="RefArrElem.cpp">
      <Filter>소스 파일\Day3</Filter>
    </ClCompile>
    <ClCompile Include="Referen.cpp">
      <Filter>소스 파일\Day3</Filter>
    </ClCompile>
    <ClCompile Include="RefPtr.cpp">
      <Filter>소스 파일\Day3</Filter>
    </ClCompile>
    <ClCompile Include="RefReturnOne.cpp">
      <Filter>소스 파일\Day3</Filter>
    </ClCompile>
    <ClCompile Include="RefReturnThree.cpp">
      <Filter>소스 파일\Day3</Filter>
    </ClCompile>
    <ClCompile Include="RefReturnTwo.cpp">
      <Filter>소스 파일\Day3</Filter>
    </ClCompile>
    <ClCompile Include="RefSwap.cpp">
      <Filter>소스 파일\Day3</Filter>
    </ClCompile>
    <ClCompile Include="TrueAndFalse.cpp">
      <Filter>소스 파일\Day3</Filter>
    </ClCompile>
    <ClCompile Include="DataTypeBool.cpp">
      <Filter>소스 파일\Day3</Filter>
    </ClCompile>
    <ClCompile Include="Q1-1.cpp">
      <Filter>소스 파일\Day1</Filter>
    </ClCompile>
    <ClCompile Include="StringIO.cpp">
      <Filter>소스 파일\Day1</Filter>
    </ClCompile>
    <ClCompile Include="SimpleAdder.cpp">
      <Filter>소스 파일\Day1</Filter>
    </ClCompile>
    <ClCompile Include="HelloWorld.cpp">
      <Filter>소스 파일\Day1</Filter>
    </ClCompile>
    <ClCompile Include="FunctionOverloading.cpp">
      <Filter>소스 파일\Day1</Filter>
    </ClCompile>
    <ClCompile Include="Constructor1.cpp">
      <Filter>소스 파일\Day4</Filter>
    </ClCompile>
    <ClCompile Include="Q4-2.cpp">
      <Filter>소스 파일\Day4</Filter>
    </ClCompile>
    <ClCompile Include="Encaps2.cpp">
      <Filter>소스 파일\Day4</Filter>
    </ClCompile>
    <ClCompile Include="Encaps1.cpp">
      <Filter>소스 파일\Day4</Filter>
    </ClCompile>
    <ClCompile Include="RectangleFaultFind.cpp">
      <Filter>소스 파일\Day4</Filter>
    </ClCompile>
    <ClCompile Include="Rectangle.cpp">
      <Filter>소스 파일\Day4</Filter>
    </ClCompile>
    <ClCompile Include="Point.cpp">
      <Filter>소스 파일\Day4</Filter>
    </ClCompile>
    <ClCompile Include="RectangleFault.cpp">
      <Filter>소스 파일\Day4</Filter>
    </ClCompile>
    <ClCompile Include="ObjPtrArr.cpp">
      <Filter>소스 파일\Day5</Filter>
    </ClCompile>
    <ClCompile Include="ObjArr.cpp">
      <Filter>소스 파일\Day5</Filter>
    </ClCompile>
    <ClCompile Include="Q4-3.cpp">
      <Filter>소스 파일\Day5</Filter>
    </ClCompile>
    <ClCompile Include="Destructor.cpp">
      <Filter>소스 파일\Day5</Filter>
    </ClCompile>
    <ClCompile Include="PrivateConstructor.cpp">
      <Filter>소스 파일\Day5</Filter>
    </ClCompile>
    <ClCompile Include="ReferenceMember.cpp">
      <Filter>소스 파일\Day5</Filter>
    </ClCompile>
    <ClCompile Include="Point1.cpp">
      <Filter>소스 파일\Day5</Filter>
    </ClCompile>
    <ClCompile Include="Rectangle1.cpp">
      <Filter>소스 파일\Day5</Filter>
    </ClCompile>
    <ClCompile Include="RectangleConstructor.cpp">
      <Filter>소스 파일\Day5</Filter>
    </ClCompile>
    <ClCompile Include="MyFriendFunction.cpp">
      <Filter>소스 파일\Day6</Filter>
    </ClCompile>
    <ClCompile Include="MyFriendClass.cpp">
      <Filter>소스 파일\Day6</Filter>
    </ClCompile>
    <ClCompile Include="ConstOverloading.cpp">
      <Filter>소스 파일\Day6</Filter>
    </ClCompile>
    <ClCompile Include="ConstObject.cpp">
      <Filter>소스 파일\Day6</Filter>
    </ClCompile>
    <ClCompile Include="PassObjCopycon.cpp">
      <Filter>소스 파일\Day6</Filter>
    </ClCompile>
    <ClCompile Include="Q5-1.cpp">
      <Filter>소스 파일\Day6</Filter>
    </ClCompile>
    <ClCompile Include="ShallowCopyError.cpp">
      <Filter>소스 파일\Day6</Filter>
    </ClCompile>
    <ClCompile Include="ClassInit.cpp">
      <Filter>소스 파일\Day6</Filter>
    </ClCompile>
    <ClCompile Include="UsefulThisPtr.cpp">
      <Filter>소스 파일\Day6</Filter>
    </ClCompile>
    <ClCompile Include="Cpp_OOP_ver3.cpp">
      <Filter>소스 파일\OOP</Filter>
    </ClCompile>
    <ClCompile Include="Cpp_OOP_ver2.cpp">
      <Filter>소스 파일\OOP</Filter>
    </ClCompile>
    <ClCompile Include="Cpp_OOP_ver1.cpp">
      <Filter>소스 파일\OOP</Filter>
    </ClCompile>
    <ClCompile Include="ProtectedHeri.cpp">
      <Filter>소스 파일\Day7</Filter>
    </ClCompile>
    <ClCompile Include="Q7-1.cpp">
      <Filter>소스 파일\Day7</Filter>
    </ClCompile>
    <ClCompile Include="DestModel.cpp">
      <Filter>소스 파일\Day7</Filter>
    </ClCompile>
    <ClCompile Include="DerivDestOrder.cpp">
      <Filter>소스 파일\Day7</Filter>
    </ClCompile>
    <ClCompile Include="DerivCreOrder.cpp">
      <Filter>소스 파일\Day7</Filter>
    </ClCompile>
    <ClCompile Include="UnivStudntInheri.cpp">
      <Filter>소스 파일\Day7</Filter>
    </ClCompile>
    <ClCompile Include="Mutable.cpp">
      <Filter>소스 파일\Day7</Filter>
    </ClCompile>
    <ClCompile Include="ConstStaticMember.cpp">
      <Filter>소스 파일\Day7</Filter>
    </ClCompile>
    <ClCompile Include="PublicStaticMember.cpp">
      <Filter>소스 파일\Day7</Filter>
    </ClCompile>
    <ClCompile Include="CComStatic.cpp">
      <Filter>소스 파일\Day7</Filter>
    </ClCompile>
    <ClCompile Include="StaticMember.cpp">
      <Filter>소스 파일\Day7</Filter>
    </ClCompile>
    <ClCompile Include="Cpp_OOP_ver4.cpp">
      <Filter>소스 파일\OOP</Filter>
    </ClCompile>
    <ClCompile Include="EmployeeManager3.cpp">
      <Filter>소스 파일\Day8</Filter>
    </ClCompile>
    <ClCompile Include="EmployeeManager2.cpp">
      <Filter>소스 파일\Day8</Filter>
    </ClCompile>
    <ClCompile Include="ObjectPointer.cpp">
      <Filter>소스 파일\Day8</Filter>
    </ClCompile>
    <ClCompile Include="Q7-2.cpp">
      <Filter>소스 파일\Day8</Filter>
    </ClCompile>
    <ClCompile Include="HASInheritance.cpp">
      <Filter>소스 파일\Day8</Filter>
    </ClCompile>
    <ClCompile Include="ISAInheritance.cpp">
      <Filter>소스 파일\Day8</Filter>
    </ClCompile>
    <ClCompile Include="Cpp_OOP_ver5.cpp">
      <Filter>소스 파일\OOP</Filter>
    </ClCompile>
    <ClCompile Include="ReferenceAttribute.cpp">
      <Filter>소스 파일\Day9</Filter>
    </ClCompile>
    <ClCompile Include="VirtualDestructor.cpp">
      <Filter>소스 파일\Day9</Filter>
    </ClCompile>
    <ClCompile Include="Q8-2.cpp">
      <Filter>소스 파일\Day9</Filter>
    </ClCompile>
    <ClCompile Include="EmployeeManager4.cpp">
      <Filter>소스 파일\Day9</Filter>
    </ClCompile>
    <ClCompile Include="FunctionVirtualOverride.cpp">
      <Filter>소스 파일\Day9</Filter>
    </ClCompile>
    <ClCompile Include="FunctionOverride.cpp">
      <Filter>소스 파일\Day9</Filter>
    </ClCompile>
    <ClCompile Include="Q10-1.cpp">
      <Filter>소스 파일\Day10</Filter>
    </ClCompile>
    <ClCompile Include="GFunctionOverloading.cpp">
      <Filter>소스 파일\Day10</Filter>
    </ClCompile>
    <ClCompile Include="FirstOperationOverloading.cpp">
      <Filter>소스 파일\Day10</Filter>
    </ClCompile>
    <ClCompile Include="Cpp_OOP_ver6.cpp">
      <Filter>소스 파일\OOP</Filter>
    </ClCompile>
    <ClCompile Include="Q10-3.cpp">
      <Filter>소스 파일\Day10</Filter>
    </ClCompile>
    <ClCompile Include="Q10-2.cpp">
      <Filter>소스 파일\Day10</Filter>
    </ClCompile>
    <ClCompile Include="PointMultipleOperation.cpp">
      <Filter>소스 파일\Day10</Filter>
    </ClCompile>
    <ClCompile Include="PostOpndOverloading.cpp">
      <Filter>소스 파일\Day10</Filter>
    </ClCompile>
    <ClCompile Include="PointConsoleOutput.cpp">
      <Filter>소스 파일\Day10</Filter>
    </ClCompile>
    <ClCompile Include="OneOpndOverloading.cpp">
      <Filter>소스 파일\Day10</Filter>
    </ClCompile>
    <ClCompile Include="IterateConsoleOutput.cpp">
      <Filter>소스 파일\Day10</Filter>
    </ClCompile>
    <ClCompile Include="ConsoleOutput.cpp">
      <Filter>소스 파일\Day10</Filter>
    </ClCompile>
    <ClCompile Include="CommuMultipleOperation.cpp">
      <Filter>소스 파일\Day10</Filter>
    </ClCompile>
    <ClCompile Include="PointerOperatorOverloading.cpp">
      <Filter>소스 파일\Day11</Filter>
    </ClCompile>
    <ClCompile Include="StablePointPtrArray.cpp">
      <Filter>소스 파일\Day11</Filter>
    </ClCompile>
    <ClCompile Include="StablePointObjArray.cpp">
      <Filter>소스 파일\Day11</Filter>
    </ClCompile>
    <ClCompile Include="StableConstArraySolu.cpp">
      <Filter>소스 파일\Day11</Filter>
    </ClCompile>
    <ClCompile Include="StableConstArrayProb.cpp">
      <Filter>소스 파일\Day11</Filter>
    </ClCompile>
    <ClCompile Include="ArrayClass.cpp">
      <Filter>소스 파일\Day11</Filter>
    </ClCompile>
    <ClCompile Include="ImproveInit.cpp">
      <Filter>소스 파일\Day11</Filter>
    </ClCompile>
    <ClCompile Include="Q11-1.cpp">
      <Filter>소스 파일\Day11</Filter>
    </ClCompile>
    <ClCompile Include="InheritAssignOperation.cpp">
      <Filter>소스 파일\Day11</Filter>
    </ClCompile>
    <ClCompile Include="AssignShallowCopyError.cpp">
      <Filter>소스 파일\Day11</Filter>
    </ClCompile>
    <ClCompile Include="FirstOperationOverloading1.cpp">
      <Filter>소스 파일\Day11</Filter>
    </ClCompile>
    <ClCompile Include="ver7_AccountHandler.cpp">
      <Filter>소스 파일\OOP\OOP_Ver_7</Filter>
    </ClCompile>
    <ClCompile Include="ver7_Account.cpp">
      <Filter>소스 파일\OOP\OOP_Ver_7</Filter>
    </ClCompile>
    <ClCompile Include="ver8_BankingSystemMain.cpp">
      <Filter>소스 파일\OOP\OOP_Ver_8</Filter>
    </ClCompile>
    <ClCompile Include="ver8_AccountHandler.cpp">
      <Filter>소스 파일\OOP\OOP_Ver_8</Filter>
    </ClCompile>
    <ClCompile Include="ver8_AccountArray.cpp">
      <Filter>소스 파일\OOP\OOP_Ver_8</Filter>
    </ClCompile>
    <ClCompile Include="ver8_Account.cpp">
      <Filter>소스 파일\OOP\OOP_Ver_8</Filter>
    </ClCompile>
    <ClCompile Include="ver9_String.cpp">
      <Filter>소스 파일\OOP\OOP_Ver_9</Filter>
    </ClCompile>
    <ClCompile Include="ver9_BankingSystemMain.cpp">
      <Filter>소스 파일\OOP\OOP_Ver_9</Filter>
    </ClCompile>
    <ClCompile Include="ver9_AccountHandler.cpp">
      <Filter>소스 파일\OOP\OOP_Ver_9</Filter>
    </ClCompile>
    <ClCompile Include="ver9_AccountArray.cpp">
      <Filter>소스 파일\OOP\OOP_Ver_9</Filter>
    </ClCompile>
    <ClCompile Include="ver9_Account.cpp">
      <Filter>소스 파일\OOP\OOP_Ver_9</Filter>
    </ClCompile>
    <ClCompile Include="ver10_String.cpp">
      <Filter>소스 파일\OOP\OOP_Ver_10</Filter>
    </ClCompile>
    <ClCompile Include="ver10_BankingSystemMain.cpp">
      <Filter>소스 파일\OOP\OOP_Ver_10</Filter>
    </ClCompile>
    <ClCompile Include="ver10_AccountHandler.cpp">
      <Filter>소스 파일\OOP\OOP_Ver_10</Filter>
    </ClCompile>
    <ClCompile Include="ver10_AccountArray.cpp">
      <Filter>소스 파일\OOP\OOP_Ver_10</Filter>
    </ClCompile>
    <ClCompile Include="ver10_Account.cpp">
      <Filter>소스 파일\OOP\OOP_Ver_10</Filter>
    </ClCompile>
  </ItemGroup>
  <ItemGroup>
    <ClInclude Include="Point.h">
      <Filter>헤더 파일\Day4Header</Filter>
    </ClInclude>
    <ClInclude Include="Rectangle.h">
      <Filter>헤더 파일\Day4Header</Filter>
    </ClInclude>
    <ClInclude Include="Point1.h">
      <Filter>헤더 파일\Day5Header</Filter>
    </ClInclude>
    <ClInclude Include="Rectangle1.h">
      <Filter>헤더 파일\Day5Header</Filter>
    </ClInclude>
    <ClInclude Include="ver7_NormalAccount.h">
      <Filter>헤더 파일\OOP_Ver_7_Header</Filter>
    </ClInclude>
    <ClInclude Include="ver7_HighCreditAccount.h">
      <Filter>헤더 파일\OOP_Ver_7_Header</Filter>
    </ClInclude>
    <ClInclude Include="ver7_BankingCommonDecl.h">
      <Filter>헤더 파일\OOP_Ver_7_Header</Filter>
    </ClInclude>
    <ClInclude Include="ver7_AccountHandler.h">
      <Filter>헤더 파일\OOP_Ver_7_Header</Filter>
    </ClInclude>
    <ClInclude Include="ver8_NormalAccount.h">
      <Filter>헤더 파일\OOP_Ver_8_Header</Filter>
    </ClInclude>
    <ClInclude Include="ver8_HighCreditAccount.h">
      <Filter>헤더 파일\OOP_Ver_8_Header</Filter>
    </ClInclude>
    <ClInclude Include="ver8_BankingCommonDecl.h">
      <Filter>헤더 파일\OOP_Ver_8_Header</Filter>
    </ClInclude>
    <ClInclude Include="ver8_AccountHandler.h">
      <Filter>헤더 파일\OOP_Ver_8_Header</Filter>
    </ClInclude>
    <ClInclude Include="ver8_AccountArray.h">
      <Filter>헤더 파일\OOP_Ver_8_Header</Filter>
    </ClInclude>
    <ClInclude Include="ver8_Account.h">
      <Filter>헤더 파일\OOP_Ver_8_Header</Filter>
    </ClInclude>
    <ClInclude Include="ver9_String.h">
      <Filter>헤더 파일\OOP_Ver_9_Header</Filter>
    </ClInclude>
    <ClInclude Include="ver9_NormalAccount.h">
      <Filter>헤더 파일\OOP_Ver_9_Header</Filter>
    </ClInclude>
    <ClInclude Include="ver9_HighCreditAccount.h">
      <Filter>헤더 파일\OOP_Ver_9_Header</Filter>
    </ClInclude>
    <ClInclude Include="ver9_BankingCommonDecl.h">
      <Filter>헤더 파일\OOP_Ver_9_Header</Filter>
    </ClInclude>
    <ClInclude Include="ver9_AccountHandler.h">
      <Filter>헤더 파일\OOP_Ver_9_Header</Filter>
    </ClInclude>
    <ClInclude Include="ver9_AccountArray.h">
      <Filter>헤더 파일\OOP_Ver_9_Header</Filter>
    </ClInclude>
    <ClInclude Include="ver9_Account.h">
      <Filter>헤더 파일\OOP_Ver_9_Header</Filter>
    </ClInclude>
    <ClInclude Include="ver10_String.h">
      <Filter>헤더 파일\OOP_Ver_10_Header</Filter>
    </ClInclude>
    <ClInclude Include="ver10_NormalAccount.h">
      <Filter>헤더 파일\OOP_Ver_10_Header</Filter>
    </ClInclude>
    <ClInclude Include="ver10_HighCreditAccount.h">
      <Filter>헤더 파일\OOP_Ver_10_Header</Filter>
    </ClInclude>
    <ClInclude Include="ver10_BankingCommonDecl.h">
      <Filter>헤더 파일\OOP_Ver_10_Header</Filter>
    </ClInclude>
    <ClInclude Include="ver10_AccountHandler.h">
      <Filter>헤더 파일\OOP_Ver_10_Header</Filter>
    </ClInclude>
    <ClInclude Include="ver10_AcountArray.h">
      <Filter>헤더 파일\OOP_Ver_10_Header</Filter>
    </ClInclude>
    <ClInclude Include="ver10_Account.h">
      <Filter>헤더 파일\OOP_Ver_10_Header</Filter>
    </ClInclude>
  </ItemGroup>
</Project>